
Microsoft Visual Studio Solution File, Format Version 12.00
# Visual Studio 2012
Project("{FAE04EC0-301F-11D3-BF4B-00C04F79EFBC}") = "Buttons", "Buttons\Buttons.csproj", "{385CF8A8-995D-422E-ACC8-672736D5F2FB}"
EndProject
Global
	GlobalSection(SolutionConfigurationPlatforms) = preSolution
		Debug|Any CPU = Debug|Any CPU
		Release|Any CPU = Release|Any CPU
	EndGlobalSection
	GlobalSection(ProjectConfigurationPlatforms) = postSolution
		{385CF8A8-995D-422E-ACC8-672736D5F2FB}.Debug|Any CPU.ActiveCfg = Debug|Any CPU
		{385CF8A8-995D-422E-ACC8-672736D5F2FB}.Debug|Any CPU.Build.0 = Debug|Any CPU
		{385CF8A8-995D-422E-ACC8-672736D5F2FB}.Release|Any CPU.ActiveCfg = Release|Any CPU
		{385CF8A8-995D-422E-ACC8-672736D5F2FB}.Release|Any CPU.Build.0 = Release|Any CPU
	EndGlobalSection
EndGlobal
